{
  "version": "4",
  "specifiers": {
    "jsr:@std/assert@*": "1.0.19",
    "jsr:@std/assert@^1.0.17": "1.0.19",
    "jsr:@std/internal@^1.0.12": "1.0.12",
    "jsr:@std/testing@*": "1.0.17"
  },
  "jsr": {
    "@std/assert@1.0.19": {
      "integrity": "eaada96ee120cb980bc47e040f82814d786fe8162ecc53c91d8df60b8755991e",
      "dependencies": [
        "jsr:@std/internal"
      ]
    },
    "@std/internal@1.0.12": {
      "integrity": "972a634fd5bc34b242024402972cd5143eac68d8dffaca5eaa4dba30ce17b027"
    },
    "@std/testing@1.0.17": {
      "integrity": "87bdc2700fa98249d48a17cd72413352d3d3680dcfbdb64947fd0982d6bbf681",
      "dependencies": [
        "jsr:@std/assert@^1.0.17"
      ]
    }
  },
  "workspace": {
    "packageJson": {
      "dependencies": [
        "npm:@fontsource/bricolage-grotesque@^5.2.10",
        "npm:@fontsource/space-grotesk@^5.2.10",
        "npm:@playwright/test@^1.58.2",
        "npm:@supabase/supabase-js@^2.101.1",
        "npm:@sveltejs/adapter-static@^3.0.10",
        "npm:@sveltejs/adapter-vercel@^6.3.3",
        "npm:@sveltejs/kit@^2.50.2",
        "npm:@sveltejs/vite-plugin-svelte@^6.2.4",
        "npm:hanzi-writer@^3.7.3",
        "npm:mdsvex@~0.12.7",
        "npm:open-props@^1.7.23",
        "npm:supabase@^2.84.6",
        "npm:svelte-check@^4.4.2",
        "npm:svelte@^5.54.0",
        "npm:typescript@^5.9.3",
        "npm:vite@^7.3.1",
        "npm:vitest@^4.1.0"
      ]
    }
  }
}
